
Microsoft Visual Studio Solution File, Format Version 12.00
# Visual Studio Version 17
VisualStudioVersion = 17.11.35222.181
MinimumVisualStudioVersion = 10.0.40219.1
Project("{888888A0-9F3D-457C-B088-3A5042F75D52}") = "Honeycomb", "Honeycomb.pyproj", "{3E2C872F-4904-4C82-ADCF-D7F54EAF6C65}"
EndProject
Global
	GlobalSection(SolutionConfigurationPlatforms) = preSolution
		Debug|Any CPU = Debug|Any CPU
		Release|Any CPU = Release|Any CPU
	EndGlobalSection
	GlobalSection(ProjectConfigurationPlatforms) = postSolution
		{3E2C872F-4904-4C82-ADCF-D7F54EAF6C65}.Debug|Any CPU.ActiveCfg = Debug|Any CPU
		{3E2C872F-4904-4C82-ADCF-D7F54EAF6C65}.Release|Any CPU.ActiveCfg = Release|Any CPU
	EndGlobalSection
	GlobalSection(SolutionProperties) = preSolution
		HideSolutionNode = FALSE
	EndGlobalSection
	GlobalSection(ExtensibilityGlobals) = postSolution
		SolutionGuid = {FD33E9C1-2BD5-456E-91F1-A9A3F3785B82}
	EndGlobalSection
EndGlobal
